// !$*UTF8*$!
{
	archiveVersion = 1;
	classes = {
	};
	objectVersion = 46;
	objects = {

/* Begin PBXBuildFile section */
		9AC521A01089403C817A16D6 /* libPods.a in Frameworks */ = {isa = PBXBuildFile; fileRef = 003DED09E6A04913A38FCB0A /* libPods.a */; };
		AA046068189E1B2C001A5785 /* AddFriendViewController.m in Sources */ = {isa = PBXBuildFile; fileRef = AA046067189E1B2C001A5785 /* AddFriendViewController.m */; };
		AA04606B189E321C001A5785 /* ArrowViewController.m in Sources */ = {isa = PBXBuildFile; fileRef = AA04606A189E321C001A5785 /* ArrowViewController.m */; };
		AA046074189E3F31001A5785 /* ArrowView.m in Sources */ = {isa = PBXBuildFile; fileRef = AA046073189E3F31001A5785 /* ArrowView.m */; };
		AA046078189E7BF8001A5785 /* chevron.jpeg in Resources */ = {isa = PBXBuildFile; fileRef = AA046077189E7BF8001A5785 /* chevron.jpeg */; };
		AA04607A189E8719001A5785 /* PoloTitle.png in Resources */ = {isa = PBXBuildFile; fileRef = AA046079189E8719001A5785 /* PoloTitle.png */; };
		AA04607C189E9AD8001A5785 /* icon.png in Resources */ = {isa = PBXBuildFile; fileRef = AA04607B189E9AD8001A5785 /* icon.png */; };
		AA4FE88818C41BEB0089058E /* ArrowPathView.m in Sources */ = {isa = PBXBuildFile; fileRef = AA4FE88718C41BEB0089058E /* ArrowPathView.m */; };
		AAD39611189D923A00675698 /* Foundation.framework in Frameworks */ = {isa = PBXBuildFile; fileRef = AAD39610189D923A00675698 /* Foundation.framework */; };
		AAD39613189D923A00675698 /* CoreGraphics.framework in Frameworks */ = {isa = PBXBuildFile; fileRef = AAD39612189D923A00675698 /* CoreGraphics.framework */; };
		AAD39615189D923A00675698 /* UIKit.framework in Frameworks */ = {isa = PBXBuildFile; fileRef = AAD39614189D923A00675698 /* UIKit.framework */; };
		AAD3961B189D923A00675698 /* InfoPlist.strings in Resources */ = {isa = PBXBuildFile; fileRef = AAD39619189D923A00675698 /* InfoPlist.strings */; };
		AAD3961D189D923A00675698 /* main.m in Sources */ = {isa = PBXBuildFile; fileRef = AAD3961C189D923A00675698 /* main.m */; };
		AAD39621189D923A00675698 /* PoloAppDelegate.m in Sources */ = {isa = PBXBuildFile; fileRef = AAD39620189D923A00675698 /* PoloAppDelegate.m */; };
		AAD39624189D923A00675698 /* Main.storyboard in Resources */ = {isa = PBXBuildFile; fileRef = AAD39622189D923A00675698 /* Main.storyboard */; };
		AAD39627189D923A00675698 /* LoginSignupViewController.m in Sources */ = {isa = PBXBuildFile; fileRef = AAD39626189D923A00675698 /* LoginSignupViewController.m */; };
		AAD39629189D923A00675698 /* Images.xcassets in Resources */ = {isa = PBXBuildFile; fileRef = AAD39628189D923A00675698 /* Images.xcassets */; };
		AAD39630189D923A00675698 /* XCTest.framework in Frameworks */ = {isa = PBXBuildFile; fileRef = AAD3962F189D923A00675698 /* XCTest.framework */; };
		AAD39631189D923A00675698 /* Foundation.framework in Frameworks */ = {isa = PBXBuildFile; fileRef = AAD39610189D923A00675698 /* Foundation.framework */; };
		AAD39632189D923A00675698 /* UIKit.framework in Frameworks */ = {isa = PBXBuildFile; fileRef = AAD39614189D923A00675698 /* UIKit.framework */; };
		AAD3963A189D923A00675698 /* InfoPlist.strings in Resources */ = {isa = PBXBuildFile; fileRef = AAD39638189D923A00675698 /* InfoPlist.strings */; };
		AAD3963C189D923A00675698 /* PoloAppTests.m in Sources */ = {isa = PBXBuildFile; fileRef = AAD3963B189D923A00675698 /* PoloAppTests.m */; };
		AAD39648189D977E00675698 /* AudioToolbox.framework in Frameworks */ = {isa = PBXBuildFile; fileRef = AAD39647189D977E00675698 /* AudioToolbox.framework */; };
		AAD3964A189D978500675698 /* CFNetwork.framework in Frameworks */ = {isa = PBXBuildFile; fileRef = AAD39649189D978500675698 /* CFNetwork.framework */; };
		AAD3964C189D978D00675698 /* CoreLocation.framework in Frameworks */ = {isa = PBXBuildFile; fileRef = AAD3964B189D978D00675698 /* CoreLocation.framework */; };
		AAD3964E189D979900675698 /* libz.dylib in Frameworks */ = {isa = PBXBuildFile; fileRef = AAD3964D189D979900675698 /* libz.dylib */; };
		AAD39650189D97A400675698 /* MobileCoreServices.framework in Frameworks */ = {isa = PBXBuildFile; fileRef = AAD3964F189D97A400675698 /* MobileCoreServices.framework */; };
		AAD39652189D97AE00675698 /* QuartzCore.framework in Frameworks */ = {isa = PBXBuildFile; fileRef = AAD39651189D97AE00675698 /* QuartzCore.framework */; };
		AAD39654189D97B500675698 /* Security.framework in Frameworks */ = {isa = PBXBuildFile; fileRef = AAD39653189D97B500675698 /* Security.framework */; };
		AAD39658189D97C300675698 /* SystemConfiguration.framework in Frameworks */ = {isa = PBXBuildFile; fileRef = AAD39657189D97C300675698 /* SystemConfiguration.framework */; };
		AAD3965E189DD88F00675698 /* FriendTableViewController.m in Sources */ = {isa = PBXBuildFile; fileRef = AAD3965D189DD88F00675698 /* FriendTableViewController.m */; };
		AAD39661189DDB0C00675698 /* FriendCell.m in Sources */ = {isa = PBXBuildFile; fileRef = AAD39660189DDB0C00675698 /* FriendCell.m */; };
		AAE891A0192C3E020062846F /* SettingsViewController.m in Sources */ = {isa = PBXBuildFile; fileRef = AAE8919F192C3E020062846F /* SettingsViewController.m */; };
		AAE891A2192C46E00062846F /* Settings.bundle in Resources */ = {isa = PBXBuildFile; fileRef = AAE891A1192C46E00062846F /* Settings.bundle */; };
		B303893918CE2C6100204B0B /* LocationTableViewController.m in Sources */ = {isa = PBXBuildFile; fileRef = B303893818CE2C6100204B0B /* LocationTableViewController.m */; };
		B303893C18CE2CD700204B0B /* AddLocationViewController.m in Sources */ = {isa = PBXBuildFile; fileRef = B303893B18CE2CD700204B0B /* AddLocationViewController.m */; };
		B326CF5018E749A300499A87 /* tag.png in Resources */ = {isa = PBXBuildFile; fileRef = B326CF4E18E749A300499A87 /* tag.png */; };
		B326CF5118E749A300499A87 /* woman.png in Resources */ = {isa = PBXBuildFile; fileRef = B326CF4F18E749A300499A87 /* woman.png */; };
		B34B145418CBCAD600758173 /* FriendListTabBarController.m in Sources */ = {isa = PBXBuildFile; fileRef = B34B145318CBCAD600758173 /* FriendListTabBarController.m */; };
		B35C18BE18EC950B00D29FDE /* FriendRequestTableViewController.m in Sources */ = {isa = PBXBuildFile; fileRef = B35C18BD18EC950B00D29FDE /* FriendRequestTableViewController.m */; };
		B37A9F5619008B3B0002BEA1 /* iAd.framework in Frameworks */ = {isa = PBXBuildFile; fileRef = B37A9F5519008B3B0002BEA1 /* iAd.framework */; };
		B3818AB9192EAA30000E81F4 /* PoloLocationManager.m in Sources */ = {isa = PBXBuildFile; fileRef = B3818AB8192EAA30000E81F4 /* PoloLocationManager.m */; };
		B3D45D9A18C06A2900C612F8 /* BackArrow2.png in Resources */ = {isa = PBXBuildFile; fileRef = B3D45D9918C06A2900C612F8 /* BackArrow2.png */; };
		B3D45D9D18C0FBB700C612F8 /* FriendListUINavigationViewController.m in Sources */ = {isa = PBXBuildFile; fileRef = B3D45D9C18C0FBB700C612F8 /* FriendListUINavigationViewController.m */; };
		B3D45D9F18C100B600C612F8 /* rect4444.png in Resources */ = {isa = PBXBuildFile; fileRef = B3D45D9E18C100B600C612F8 /* rect4444.png */; };
		B3D45DA118C1031000C612F8 /* rect4445.png in Resources */ = {isa = PBXBuildFile; fileRef = B3D45DA018C1031000C612F8 /* rect4445.png */; };
		B952A174196478E80069E0A7 /* FacebookSDK.framework in Frameworks */ = {isa = PBXBuildFile; fileRef = B952A173196478E80069E0A7 /* FacebookSDK.framework */; };
		B95DA1331953E383007E667B /* Social.framework in Frameworks */ = {isa = PBXBuildFile; fileRef = B95DA1321953E383007E667B /* Social.framework */; };
		B95DA1351953E389007E667B /* Accounts.framework in Frameworks */ = {isa = PBXBuildFile; fileRef = B95DA1341953E389007E667B /* Accounts.framework */; };
		B9793B1F19572C70003A5BAD /* StoreKit.framework in Frameworks */ = {isa = PBXBuildFile; fileRef = B9793B1E19572C70003A5BAD /* StoreKit.framework */; };
		B9793B2319573344003A5BAD /* text-left.png in Resources */ = {isa = PBXBuildFile; fileRef = B9793B2219573344003A5BAD /* text-left.png */; };
		B9A9812F195E0DC7001752F4 /* Parse.framework in Frameworks */ = {isa = PBXBuildFile; fileRef = B9A9812E195E0DC7001752F4 /* Parse.framework */; };
/* End PBXBuildFile section */

/* Begin PBXContainerItemProxy section */
		AAD39633189D923A00675698 /* PBXContainerItemProxy */ = {
			isa = PBXContainerItemProxy;
			containerPortal = AAD39605189D923A00675698 /* Project object */;
			proxyType = 1;
			remoteGlobalIDString = AAD3960C189D923A00675698;
			remoteInfo = PoloApp;
		};
/* End PBXContainerItemProxy section */

/* Begin PBXFileReference section */
		003DED09E6A04913A38FCB0A /* libPods.a */ = {isa = PBXFileReference; explicitFileType = archive.ar; includeInIndex = 0; path = libPods.a; sourceTree = BUILT_PRODUCTS_DIR; };
		AA046066189E1B2C001A5785 /* AddFriendViewController.h */ = {isa = PBXFileReference; fileEncoding = 4; lastKnownFileType = sourcecode.c.h; path = AddFriendViewController.h; sourceTree = "<group>"; };
		AA046067189E1B2C001A5785 /* AddFriendViewController.m */ = {isa = PBXFileReference; fileEncoding = 4; lastKnownFileType = sourcecode.c.objc; path = AddFriendViewController.m; sourceTree = "<group>"; };
		AA046069189E321C001A5785 /* ArrowViewController.h */ = {isa = PBXFileReference; fileEncoding = 4; lastKnownFileType = sourcecode.c.h; path = ArrowViewController.h; sourceTree = "<group>"; };
		AA04606A189E321C001A5785 /* ArrowViewController.m */ = {isa = PBXFileReference; fileEncoding = 4; lastKnownFileType = sourcecode.c.objc; path = ArrowViewController.m; sourceTree = "<group>"; };
		AA046072189E3F31001A5785 /* ArrowView.h */ = {isa = PBXFileReference; fileEncoding = 4; lastKnownFileType = sourcecode.c.h; path = ArrowView.h; sourceTree = "<group>"; };
		AA046073189E3F31001A5785 /* ArrowView.m */ = {isa = PBXFileReference; fileEncoding = 4; lastKnownFileType = sourcecode.c.objc; path = ArrowView.m; sourceTree = "<group>"; };
		AA046077189E7BF8001A5785 /* chevron.jpeg */ = {isa = PBXFileReference; lastKnownFileType = image.jpeg; path = chevron.jpeg; sourceTree = "<group>"; };
		AA046079189E8719001A5785 /* PoloTitle.png */ = {isa = PBXFileReference; lastKnownFileType = image.png; path = PoloTitle.png; sourceTree = "<group>"; };
		AA04607B189E9AD8001A5785 /* icon.png */ = {isa = PBXFileReference; lastKnownFileType = image.png; path = icon.png; sourceTree = "<group>"; };
		AA4FE88618C41BEB0089058E /* ArrowPathView.h */ = {isa = PBXFileReference; fileEncoding = 4; lastKnownFileType = sourcecode.c.h; path = ArrowPathView.h; sourceTree = "<group>"; };
		AA4FE88718C41BEB0089058E /* ArrowPathView.m */ = {isa = PBXFileReference; fileEncoding = 4; lastKnownFileType = sourcecode.c.objc; path = ArrowPathView.m; sourceTree = "<group>"; };
		AAD3960D189D923A00675698 /* PoloApp.app */ = {isa = PBXFileReference; explicitFileType = wrapper.application; includeInIndex = 0; path = PoloApp.app; sourceTree = BUILT_PRODUCTS_DIR; };
		AAD39610189D923A00675698 /* Foundation.framework */ = {isa = PBXFileReference; lastKnownFileType = wrapper.framework; name = Foundation.framework; path = System/Library/Frameworks/Foundation.framework; sourceTree = SDKROOT; };
		AAD39612189D923A00675698 /* CoreGraphics.framework */ = {isa = PBXFileReference; lastKnownFileType = wrapper.framework; name = CoreGraphics.framework; path = System/Library/Frameworks/CoreGraphics.framework; sourceTree = SDKROOT; };
		AAD39614189D923A00675698 /* UIKit.framework */ = {isa = PBXFileReference; lastKnownFileType = wrapper.framework; name = UIKit.framework; path = System/Library/Frameworks/UIKit.framework; sourceTree = SDKROOT; };
		AAD39618189D923A00675698 /* PoloApp-Info.plist */ = {isa = PBXFileReference; lastKnownFileType = text.plist.xml; path = "PoloApp-Info.plist"; sourceTree = "<group>"; };
		AAD3961A189D923A00675698 /* en */ = {isa = PBXFileReference; lastKnownFileType = text.plist.strings; name = en; path = en.lproj/InfoPlist.strings; sourceTree = "<group>"; };
		AAD3961C189D923A00675698 /* main.m */ = {isa = PBXFileReference; lastKnownFileType = sourcecode.c.objc; path = main.m; sourceTree = "<group>"; };
		AAD3961E189D923A00675698 /* PoloApp-Prefix.pch */ = {isa = PBXFileReference; lastKnownFileType = sourcecode.c.h; path = "PoloApp-Prefix.pch"; sourceTree = "<group>"; };
		AAD3961F189D923A00675698 /* PoloAppDelegate.h */ = {isa = PBXFileReference; lastKnownFileType = sourcecode.c.h; path = PoloAppDelegate.h; sourceTree = "<group>"; };
		AAD39620189D923A00675698 /* PoloAppDelegate.m */ = {isa = PBXFileReference; lastKnownFileType = sourcecode.c.objc; path = PoloAppDelegate.m; sourceTree = "<group>"; };
		AAD39623189D923A00675698 /* Base */ = {isa = PBXFileReference; lastKnownFileType = file.storyboard; name = Base; path = Base.lproj/Main.storyboard; sourceTree = "<group>"; };
		AAD39625189D923A00675698 /* LoginSignupViewController.h */ = {isa = PBXFileReference; lastKnownFileType = sourcecode.c.h; path = LoginSignupViewController.h; sourceTree = "<group>"; };
		AAD39626189D923A00675698 /* LoginSignupViewController.m */ = {isa = PBXFileReference; lastKnownFileType = sourcecode.c.objc; path = LoginSignupViewController.m; sourceTree = "<group>"; };
		AAD39628189D923A00675698 /* Images.xcassets */ = {isa = PBXFileReference; lastKnownFileType = folder.assetcatalog; path = Images.xcassets; sourceTree = "<group>"; };
		AAD3962E189D923A00675698 /* PoloAppTests.xctest */ = {isa = PBXFileReference; explicitFileType = wrapper.cfbundle; includeInIndex = 0; path = PoloAppTests.xctest; sourceTree = BUILT_PRODUCTS_DIR; };
		AAD3962F189D923A00675698 /* XCTest.framework */ = {isa = PBXFileReference; lastKnownFileType = wrapper.framework; name = XCTest.framework; path = Library/Frameworks/XCTest.framework; sourceTree = DEVELOPER_DIR; };
		AAD39637189D923A00675698 /* PoloAppTests-Info.plist */ = {isa = PBXFileReference; lastKnownFileType = text.plist.xml; path = "PoloAppTests-Info.plist"; sourceTree = "<group>"; };
		AAD39639189D923A00675698 /* en */ = {isa = PBXFileReference; lastKnownFileType = text.plist.strings; name = en; path = en.lproj/InfoPlist.strings; sourceTree = "<group>"; };
		AAD3963B189D923A00675698 /* PoloAppTests.m */ = {isa = PBXFileReference; lastKnownFileType = sourcecode.c.objc; path = PoloAppTests.m; sourceTree = "<group>"; };
		AAD39647189D977E00675698 /* AudioToolbox.framework */ = {isa = PBXFileReference; lastKnownFileType = wrapper.framework; name = AudioToolbox.framework; path = System/Library/Frameworks/AudioToolbox.framework; sourceTree = SDKROOT; };
		AAD39649189D978500675698 /* CFNetwork.framework */ = {isa = PBXFileReference; lastKnownFileType = wrapper.framework; name = CFNetwork.framework; path = System/Library/Frameworks/CFNetwork.framework; sourceTree = SDKROOT; };
		AAD3964B189D978D00675698 /* CoreLocation.framework */ = {isa = PBXFileReference; lastKnownFileType = wrapper.framework; name = CoreLocation.framework; path = System/Library/Frameworks/CoreLocation.framework; sourceTree = SDKROOT; };
		AAD3964D189D979900675698 /* libz.dylib */ = {isa = PBXFileReference; lastKnownFileType = "compiled.mach-o.dylib"; name = libz.dylib; path = usr/lib/libz.dylib; sourceTree = SDKROOT; };
		AAD3964F189D97A400675698 /* MobileCoreServices.framework */ = {isa = PBXFileReference; lastKnownFileType = wrapper.framework; name = MobileCoreServices.framework; path = System/Library/Frameworks/MobileCoreServices.framework; sourceTree = SDKROOT; };
		AAD39651189D97AE00675698 /* QuartzCore.framework */ = {isa = PBXFileReference; lastKnownFileType = wrapper.framework; name = QuartzCore.framework; path = System/Library/Frameworks/QuartzCore.framework; sourceTree = SDKROOT; };
		AAD39653189D97B500675698 /* Security.framework */ = {isa = PBXFileReference; lastKnownFileType = wrapper.framework; name = Security.framework; path = System/Library/Frameworks/Security.framework; sourceTree = SDKROOT; };
		AAD39657189D97C300675698 /* SystemConfiguration.framework */ = {isa = PBXFileReference; lastKnownFileType = wrapper.framework; name = SystemConfiguration.framework; path = System/Library/Frameworks/SystemConfiguration.framework; sourceTree = SDKROOT; };
		AAD3965C189DD88F00675698 /* FriendTableViewController.h */ = {isa = PBXFileReference; fileEncoding = 4; lastKnownFileType = sourcecode.c.h; path = FriendTableViewController.h; sourceTree = "<group>"; };
		AAD3965D189DD88F00675698 /* FriendTableViewController.m */ = {isa = PBXFileReference; fileEncoding = 4; lastKnownFileType = sourcecode.c.objc; path = FriendTableViewController.m; sourceTree = "<group>"; };
		AAD3965F189DDB0C00675698 /* FriendCell.h */ = {isa = PBXFileReference; fileEncoding = 4; lastKnownFileType = sourcecode.c.h; path = FriendCell.h; sourceTree = "<group>"; };
		AAD39660189DDB0C00675698 /* FriendCell.m */ = {isa = PBXFileReference; fileEncoding = 4; lastKnownFileType = sourcecode.c.objc; path = FriendCell.m; sourceTree = "<group>"; };
		AAE8919E192C3E020062846F /* SettingsViewController.h */ = {isa = PBXFileReference; fileEncoding = 4; lastKnownFileType = sourcecode.c.h; path = SettingsViewController.h; sourceTree = "<group>"; };
		AAE8919F192C3E020062846F /* SettingsViewController.m */ = {isa = PBXFileReference; fileEncoding = 4; lastKnownFileType = sourcecode.c.objc; path = SettingsViewController.m; sourceTree = "<group>"; };
		AAE891A1192C46E00062846F /* Settings.bundle */ = {isa = PBXFileReference; lastKnownFileType = "wrapper.plug-in"; path = Settings.bundle; sourceTree = "<group>"; };
		B2E0082BF9AD45028BA85785 /* Pods.xcconfig */ = {isa = PBXFileReference; includeInIndex = 1; lastKnownFileType = text.xcconfig; name = Pods.xcconfig; path = Pods/Pods.xcconfig; sourceTree = "<group>"; };
		B303893718CE2C6100204B0B /* LocationTableViewController.h */ = {isa = PBXFileReference; fileEncoding = 4; lastKnownFileType = sourcecode.c.h; path = LocationTableViewController.h; sourceTree = "<group>"; };
		B303893818CE2C6100204B0B /* LocationTableViewController.m */ = {isa = PBXFileReference; fileEncoding = 4; lastKnownFileType = sourcecode.c.objc; path = LocationTableViewController.m; sourceTree = "<group>"; };
		B303893A18CE2CD700204B0B /* AddLocationViewController.h */ = {isa = PBXFileReference; fileEncoding = 4; lastKnownFileType = sourcecode.c.h; path = AddLocationViewController.h; sourceTree = "<group>"; };
		B303893B18CE2CD700204B0B /* AddLocationViewController.m */ = {isa = PBXFileReference; fileEncoding = 4; lastKnownFileType = sourcecode.c.objc; path = AddLocationViewController.m; sourceTree = "<group>"; };
		B326CF4E18E749A300499A87 /* tag.png */ = {isa = PBXFileReference; lastKnownFileType = image.png; path = tag.png; sourceTree = "<group>"; };
		B326CF4F18E749A300499A87 /* woman.png */ = {isa = PBXFileReference; lastKnownFileType = image.png; path = woman.png; sourceTree = "<group>"; };
		B34B145218CBCAD600758173 /* FriendListTabBarController.h */ = {isa = PBXFileReference; fileEncoding = 4; lastKnownFileType = sourcecode.c.h; path = FriendListTabBarController.h; sourceTree = "<group>"; };
		B34B145318CBCAD600758173 /* FriendListTabBarController.m */ = {isa = PBXFileReference; fileEncoding = 4; lastKnownFileType = sourcecode.c.objc; path = FriendListTabBarController.m; sourceTree = "<group>"; };
		B35C18BC18EC950B00D29FDE /* FriendRequestTableViewController.h */ = {isa = PBXFileReference; fileEncoding = 4; lastKnownFileType = sourcecode.c.h; path = FriendRequestTableViewController.h; sourceTree = "<group>"; };
		B35C18BD18EC950B00D29FDE /* FriendRequestTableViewController.m */ = {isa = PBXFileReference; fileEncoding = 4; lastKnownFileType = sourcecode.c.objc; path = FriendRequestTableViewController.m; sourceTree = "<group>"; };
		B37A9F5519008B3B0002BEA1 /* iAd.framework */ = {isa = PBXFileReference; lastKnownFileType = wrapper.framework; name = iAd.framework; path = System/Library/Frameworks/iAd.framework; sourceTree = SDKROOT; };
		B3818AB7192EAA30000E81F4 /* PoloLocationManager.h */ = {isa = PBXFileReference; fileEncoding = 4; lastKnownFileType = sourcecode.c.h; path = PoloLocationManager.h; sourceTree = "<group>"; };
		B3818AB8192EAA30000E81F4 /* PoloLocationManager.m */ = {isa = PBXFileReference; fileEncoding = 4; lastKnownFileType = sourcecode.c.objc; path = PoloLocationManager.m; sourceTree = "<group>"; };
		B3D45D9918C06A2900C612F8 /* BackArrow2.png */ = {isa = PBXFileReference; lastKnownFileType = image.png; path = BackArrow2.png; sourceTree = "<group>"; };
		B3D45D9B18C0FBB700C612F8 /* FriendListUINavigationViewController.h */ = {isa = PBXFileReference; fileEncoding = 4; lastKnownFileType = sourcecode.c.h; path = FriendListUINavigationViewController.h; sourceTree = "<group>"; };
		B3D45D9C18C0FBB700C612F8 /* FriendListUINavigationViewController.m */ = {isa = PBXFileReference; fileEncoding = 4; lastKnownFileType = sourcecode.c.objc; path = FriendListUINavigationViewController.m; sourceTree = "<group>"; };
		B3D45D9E18C100B600C612F8 /* rect4444.png */ = {isa = PBXFileReference; lastKnownFileType = image.png; path = rect4444.png; sourceTree = "<group>"; };
		B3D45DA018C1031000C612F8 /* rect4445.png */ = {isa = PBXFileReference; lastKnownFileType = image.png; path = rect4445.png; sourceTree = "<group>"; };
		B952A173196478E80069E0A7 /* FacebookSDK.framework */ = {isa = PBXFileReference; lastKnownFileType = wrapper.framework; path = FacebookSDK.framework; sourceTree = "<group>"; };
		B95DA1321953E383007E667B /* Social.framework */ = {isa = PBXFileReference; lastKnownFileType = wrapper.framework; name = Social.framework; path = System/Library/Frameworks/Social.framework; sourceTree = SDKROOT; };
		B95DA1341953E389007E667B /* Accounts.framework */ = {isa = PBXFileReference; lastKnownFileType = wrapper.framework; name = Accounts.framework; path = System/Library/Frameworks/Accounts.framework; sourceTree = SDKROOT; };
		B95DA1361953E399007E667B /* AdSupport.framework */ = {isa = PBXFileReference; lastKnownFileType = wrapper.framework; name = AdSupport.framework; path = System/Library/Frameworks/AdSupport.framework; sourceTree = SDKROOT; };
		B95DA1381953E3F9007E667B /* CoreFoundation.framework */ = {isa = PBXFileReference; lastKnownFileType = wrapper.framework; name = CoreFoundation.framework; path = System/Library/Frameworks/CoreFoundation.framework; sourceTree = SDKROOT; };
		B9793B1E19572C70003A5BAD /* StoreKit.framework */ = {isa = PBXFileReference; lastKnownFileType = wrapper.framework; name = StoreKit.framework; path = System/Library/Frameworks/StoreKit.framework; sourceTree = SDKROOT; };
		B9793B2219573344003A5BAD /* text-left.png */ = {isa = PBXFileReference; lastKnownFileType = image.png; path = "text-left.png"; sourceTree = "<group>"; };
		B9A9812E195E0DC7001752F4 /* Parse.framework */ = {isa = PBXFileReference; lastKnownFileType = wrapper.framework; path = Parse.framework; sourceTree = "<group>"; };
/* End PBXFileReference section */

/* Begin PBXFrameworksBuildPhase section */
		AAD3960A189D923A00675698 /* Frameworks */ = {
			isa = PBXFrameworksBuildPhase;
			buildActionMask = 2147483647;
			files = (
				B9793B1F19572C70003A5BAD /* StoreKit.framework in Frameworks */,
				B95DA1351953E389007E667B /* Accounts.framework in Frameworks */,
				B95DA1331953E383007E667B /* Social.framework in Frameworks */,
				B37A9F5619008B3B0002BEA1 /* iAd.framework in Frameworks */,
				AAD39658189D97C300675698 /* SystemConfiguration.framework in Frameworks */,
				B952A174196478E80069E0A7 /* FacebookSDK.framework in Frameworks */,
				AAD39654189D97B500675698 /* Security.framework in Frameworks */,
				AAD39652189D97AE00675698 /* QuartzCore.framework in Frameworks */,
				AAD39650189D97A400675698 /* MobileCoreServices.framework in Frameworks */,
				AAD3964E189D979900675698 /* libz.dylib in Frameworks */,
				AAD3964C189D978D00675698 /* CoreLocation.framework in Frameworks */,
				AAD3964A189D978500675698 /* CFNetwork.framework in Frameworks */,
				B9A9812F195E0DC7001752F4 /* Parse.framework in Frameworks */,
				AAD39648189D977E00675698 /* AudioToolbox.framework in Frameworks */,
				AAD39613189D923A00675698 /* CoreGraphics.framework in Frameworks */,
				AAD39615189D923A00675698 /* UIKit.framework in Frameworks */,
				AAD39611189D923A00675698 /* Foundation.framework in Frameworks */,
				9AC521A01089403C817A16D6 /* libPods.a in Frameworks */,
			);
			runOnlyForDeploymentPostprocessing = 0;
		};
		AAD3962B189D923A00675698 /* Frameworks */ = {
			isa = PBXFrameworksBuildPhase;
			buildActionMask = 2147483647;
			files = (
				AAD39630189D923A00675698 /* XCTest.framework in Frameworks */,
				AAD39632189D923A00675698 /* UIKit.framework in Frameworks */,
				AAD39631189D923A00675698 /* Foundation.framework in Frameworks */,
			);
			runOnlyForDeploymentPostprocessing = 0;
		};
/* End PBXFrameworksBuildPhase section */

/* Begin PBXGroup section */
		AAD39604189D923A00675698 = {
			isa = PBXGroup;
			children = (
				AAD39616189D923A00675698 /* PoloApp */,
				AAD39635189D923A00675698 /* PoloAppTests */,
				AAD3960F189D923A00675698 /* Frameworks */,
				AAD3960E189D923A00675698 /* Products */,
				B2E0082BF9AD45028BA85785 /* Pods.xcconfig */,
			);
			sourceTree = "<group>";
		};
		AAD3960E189D923A00675698 /* Products */ = {
			isa = PBXGroup;
			children = (
				AAD3960D189D923A00675698 /* PoloApp.app */,
				AAD3962E189D923A00675698 /* PoloAppTests.xctest */,
			);
			name = Products;
			sourceTree = "<group>";
		};
		AAD3960F189D923A00675698 /* Frameworks */ = {
			isa = PBXGroup;
			children = (
				B952A173196478E80069E0A7 /* FacebookSDK.framework */,
				B9A9812E195E0DC7001752F4 /* Parse.framework */,
				B9793B1E19572C70003A5BAD /* StoreKit.framework */,
				B95DA1381953E3F9007E667B /* CoreFoundation.framework */,
				B95DA1361953E399007E667B /* AdSupport.framework */,
				B95DA1341953E389007E667B /* Accounts.framework */,
				B95DA1321953E383007E667B /* Social.framework */,
				B37A9F5519008B3B0002BEA1 /* iAd.framework */,
				AAD39657189D97C300675698 /* SystemConfiguration.framework */,
				AAD39653189D97B500675698 /* Security.framework */,
				AAD39651189D97AE00675698 /* QuartzCore.framework */,
				AAD3964F189D97A400675698 /* MobileCoreServices.framework */,
				AAD3964D189D979900675698 /* libz.dylib */,
				AAD3964B189D978D00675698 /* CoreLocation.framework */,
				AAD39649189D978500675698 /* CFNetwork.framework */,
				AAD39647189D977E00675698 /* AudioToolbox.framework */,
				AAD39610189D923A00675698 /* Foundation.framework */,
				AAD39612189D923A00675698 /* CoreGraphics.framework */,
				AAD39614189D923A00675698 /* UIKit.framework */,
				AAD3962F189D923A00675698 /* XCTest.framework */,
				003DED09E6A04913A38FCB0A /* libPods.a */,
			);
			name = Frameworks;
			sourceTree = "<group>";
		};
		AAD39616189D923A00675698 /* PoloApp */ = {
			isa = PBXGroup;
			children = (
				B3818ABA192EAA5B000E81F4 /* Locations */,
				B3818ABB192EAA74000E81F4 /* Friends */,
				AAD39622189D923A00675698 /* Main.storyboard */,
				B9A9812C195DF069001752F4 /* Managers */,
				B9A98129195DF045001752F4 /* App Delegate */,
				B9A9812B195DF05A001752F4 /* Login Signup */,
				B3818ABC192EAA8F000E81F4 /* ArrowView */,
				B9A9812D195DF078001752F4 /* Settings */,
				AAE891A1192C46E00062846F /* Settings.bundle */,
				AAD39628189D923A00675698 /* Images.xcassets */,
				B9793B2219573344003A5BAD /* text-left.png */,
				AAD39617189D923A00675698 /* Supporting Files */,
			);
			path = PoloApp;
			sourceTree = "<group>";
		};
		AAD39617189D923A00675698 /* Supporting Files */ = {
			isa = PBXGroup;
			children = (
				B326CF4E18E749A300499A87 /* tag.png */,
				B326CF4F18E749A300499A87 /* woman.png */,
				B3D45DA018C1031000C612F8 /* rect4445.png */,
				AA046079189E8719001A5785 /* PoloTitle.png */,
				AA04607B189E9AD8001A5785 /* icon.png */,
				AA046077189E7BF8001A5785 /* chevron.jpeg */,
				B3D45D9E18C100B600C612F8 /* rect4444.png */,
				B3D45D9918C06A2900C612F8 /* BackArrow2.png */,
				AAD39618189D923A00675698 /* PoloApp-Info.plist */,
				AAD39619189D923A00675698 /* InfoPlist.strings */,
				AAD3961C189D923A00675698 /* main.m */,
				AAD3961E189D923A00675698 /* PoloApp-Prefix.pch */,
			);
			name = "Supporting Files";
			sourceTree = "<group>";
		};
		AAD39635189D923A00675698 /* PoloAppTests */ = {
			isa = PBXGroup;
			children = (
				AAD3963B189D923A00675698 /* PoloAppTests.m */,
				AAD39636189D923A00675698 /* Supporting Files */,
			);
			path = PoloAppTests;
			sourceTree = "<group>";
		};
		AAD39636189D923A00675698 /* Supporting Files */ = {
			isa = PBXGroup;
			children = (
				AAD39637189D923A00675698 /* PoloAppTests-Info.plist */,
				AAD39638189D923A00675698 /* InfoPlist.strings */,
			);
			name = "Supporting Files";
			sourceTree = "<group>";
		};
		B3818ABA192EAA5B000E81F4 /* Locations */ = {
			isa = PBXGroup;
			children = (
				B303893718CE2C6100204B0B /* LocationTableViewController.h */,
				B303893818CE2C6100204B0B /* LocationTableViewController.m */,
				B303893A18CE2CD700204B0B /* AddLocationViewController.h */,
				B303893B18CE2CD700204B0B /* AddLocationViewController.m */,
			);
			name = Locations;
			sourceTree = "<group>";
		};
		B3818ABB192EAA74000E81F4 /* Friends */ = {
			isa = PBXGroup;
			children = (
				AAD3965F189DDB0C00675698 /* FriendCell.h */,
				AAD39660189DDB0C00675698 /* FriendCell.m */,
				B35C18BC18EC950B00D29FDE /* FriendRequestTableViewController.h */,
				B35C18BD18EC950B00D29FDE /* FriendRequestTableViewController.m */,
				B34B145218CBCAD600758173 /* FriendListTabBarController.h */,
				B34B145318CBCAD600758173 /* FriendListTabBarController.m */,
				B3D45D9B18C0FBB700C612F8 /* FriendListUINavigationViewController.h */,
				B3D45D9C18C0FBB700C612F8 /* FriendListUINavigationViewController.m */,
				AA046066189E1B2C001A5785 /* AddFriendViewController.h */,
				AA046067189E1B2C001A5785 /* AddFriendViewController.m */,
				AAD3965C189DD88F00675698 /* FriendTableViewController.h */,
				AAD3965D189DD88F00675698 /* FriendTableViewController.m */,
			);
			name = Friends;
			sourceTree = "<group>";
		};
		B3818ABC192EAA8F000E81F4 /* ArrowView */ = {
			isa = PBXGroup;
			children = (
				AA046072189E3F31001A5785 /* ArrowView.h */,
				AA046073189E3F31001A5785 /* ArrowView.m */,
				AA4FE88618C41BEB0089058E /* ArrowPathView.h */,
				AA4FE88718C41BEB0089058E /* ArrowPathView.m */,
				AA046069189E321C001A5785 /* ArrowViewController.h */,
				AA04606A189E321C001A5785 /* ArrowViewController.m */,
			);
			name = ArrowView;
			sourceTree = "<group>";
		};
		B9A98129195DF045001752F4 /* App Delegate */ = {
			isa = PBXGroup;
			children = (
				AAD3961F189D923A00675698 /* PoloAppDelegate.h */,
				AAD39620189D923A00675698 /* PoloAppDelegate.m */,
			);
			name = "App Delegate";
			sourceTree = "<group>";
		};
		B9A9812B195DF05A001752F4 /* Login Signup */ = {
			isa = PBXGroup;
			children = (
				AAD39625189D923A00675698 /* LoginSignupViewController.h */,
				AAD39626189D923A00675698 /* LoginSignupViewController.m */,
			);
			name = "Login Signup";
			sourceTree = "<group>";
		};
		B9A9812C195DF069001752F4 /* Managers */ = {
			isa = PBXGroup;
			children = (
				B3818AB7192EAA30000E81F4 /* PoloLocationManager.h */,
				B3818AB8192EAA30000E81F4 /* PoloLocationManager.m */,
			);
			name = Managers;
			sourceTree = "<group>";
		};
		B9A9812D195DF078001752F4 /* Settings */ = {
			isa = PBXGroup;
			children = (
				AAE8919E192C3E020062846F /* SettingsViewController.h */,
				AAE8919F192C3E020062846F /* SettingsViewController.m */,
			);
			name = Settings;
			sourceTree = "<group>";
		};
/* End PBXGroup section */

/* Begin PBXNativeTarget section */
		AAD3960C189D923A00675698 /* PoloApp */ = {
			isa = PBXNativeTarget;
			buildConfigurationList = AAD3963F189D923A00675698 /* Build configuration list for PBXNativeTarget "PoloApp" */;
			buildPhases = (
				20CD9FA613F5401EBBA86202 /* Check Pods Manifest.lock */,
				AAD39609189D923A00675698 /* Sources */,
				AAD3960A189D923A00675698 /* Frameworks */,
				AAD3960B189D923A00675698 /* Resources */,
				AAE8C111AB924F7EAAF167EE /* Copy Pods Resources */,
			);
			buildRules = (
			);
			dependencies = (
			);
			name = PoloApp;
			productName = PoloApp;
			productReference = AAD3960D189D923A00675698 /* PoloApp.app */;
			productType = "com.apple.product-type.application";
		};
		AAD3962D189D923A00675698 /* PoloAppTests */ = {
			isa = PBXNativeTarget;
			buildConfigurationList = AAD39642189D923A00675698 /* Build configuration list for PBXNativeTarget "PoloAppTests" */;
			buildPhases = (
				AAD3962A189D923A00675698 /* Sources */,
				AAD3962B189D923A00675698 /* Frameworks */,
				AAD3962C189D923A00675698 /* Resources */,
			);
			buildRules = (
			);
			dependencies = (
				AAD39634189D923A00675698 /* PBXTargetDependency */,
			);
			name = PoloAppTests;
			productName = PoloAppTests;
			productReference = AAD3962E189D923A00675698 /* PoloAppTests.xctest */;
			productType = "com.apple.product-type.bundle.unit-test";
		};
/* End PBXNativeTarget section */

/* Begin PBXProject section */
		AAD39605189D923A00675698 /* Project object */ = {
			isa = PBXProject;
			attributes = {
				CLASSPREFIX = Polo;
				LastUpgradeCheck = 0510;
				ORGANIZATIONNAME = mbrenman;
				TargetAttributes = {
					AAD3960C189D923A00675698 = {
						DevelopmentTeam = WC5PBECM68;
						SystemCapabilities = {
							com.apple.InAppPurchase = {
								enabled = 0;
							};
						};
					};
					AAD3962D189D923A00675698 = {
						TestTargetID = AAD3960C189D923A00675698;
					};
				};
			};
			buildConfigurationList = AAD39608189D923A00675698 /* Build configuration list for PBXProject "PoloApp" */;
			compatibilityVersion = "Xcode 3.2";
			developmentRegion = English;
			hasScannedForEncodings = 0;
			knownRegions = (
				en,
				Base,
			);
			mainGroup = AAD39604189D923A00675698;
			productRefGroup = AAD3960E189D923A00675698 /* Products */;
			projectDirPath = "";
			projectRoot = "";
			targets = (
				AAD3960C189D923A00675698 /* PoloApp */,
				AAD3962D189D923A00675698 /* PoloAppTests */,
			);
		};
/* End PBXProject section */

/* Begin PBXResourcesBuildPhase section */
		AAD3960B189D923A00675698 /* Resources */ = {
			isa = PBXResourcesBuildPhase;
			buildActionMask = 2147483647;
			files = (
				B326CF5018E749A300499A87 /* tag.png in Resources */,
				B9793B2319573344003A5BAD /* text-left.png in Resources */,
				AAD39629189D923A00675698 /* Images.xcassets in Resources */,
				AAD3961B189D923A00675698 /* InfoPlist.strings in Resources */,
				AA04607C189E9AD8001A5785 /* icon.png in Resources */,
				AAE891A2192C46E00062846F /* Settings.bundle in Resources */,
				B3D45DA118C1031000C612F8 /* rect4445.png in Resources */,
				B3D45D9A18C06A2900C612F8 /* BackArrow2.png in Resources */,
				AAD39624189D923A00675698 /* Main.storyboard in Resources */,
				B3D45D9F18C100B600C612F8 /* rect4444.png in Resources */,
				AA046078189E7BF8001A5785 /* chevron.jpeg in Resources */,
				AA04607A189E8719001A5785 /* PoloTitle.png in Resources */,
				B326CF5118E749A300499A87 /* woman.png in Resources */,
			);
			runOnlyForDeploymentPostprocessing = 0;
		};
		AAD3962C189D923A00675698 /* Resources */ = {
			isa = PBXResourcesBuildPhase;
			buildActionMask = 2147483647;
			files = (
				AAD3963A189D923A00675698 /* InfoPlist.strings in Resources */,
			);
			runOnlyForDeploymentPostprocessing = 0;
		};
/* End PBXResourcesBuildPhase section */

/* Begin PBXShellScriptBuildPhase section */
		20CD9FA613F5401EBBA86202 /* Check Pods Manifest.lock */ = {
			isa = PBXShellScriptBuildPhase;
			buildActionMask = 2147483647;
			files = (
			);
			inputPaths = (
			);
			name = "Check Pods Manifest.lock";
			outputPaths = (
			);
			runOnlyForDeploymentPostprocessing = 0;
			shellPath = /bin/sh;
			shellScript = "diff \"${PODS_ROOT}/../Podfile.lock\" \"${PODS_ROOT}/Manifest.lock\" > /dev/null\nif [[ $? != 0 ]] ; then\n    cat << EOM\nerror: The sandbox is not in sync with the Podfile.lock. Run 'pod install' or update your CocoaPods installation.\nEOM\n    exit 1\nfi\n";
			showEnvVarsInLog = 0;
		};
		AAE8C111AB924F7EAAF167EE /* Copy Pods Resources */ = {
			isa = PBXShellScriptBuildPhase;
			buildActionMask = 2147483647;
			files = (
			);
			inputPaths = (
			);
			name = "Copy Pods Resources";
			outputPaths = (
			);
			runOnlyForDeploymentPostprocessing = 0;
			shellPath = /bin/sh;
			shellScript = "\"${SRCROOT}/Pods/Pods-resources.sh\"\n";
			showEnvVarsInLog = 0;
		};
/* End PBXShellScriptBuildPhase section */

/* Begin PBXSourcesBuildPhase section */
		AAD39609189D923A00675698 /* Sources */ = {
			isa = PBXSourcesBuildPhase;
			buildActionMask = 2147483647;
			files = (
				AAD39627189D923A00675698 /* LoginSignupViewController.m in Sources */,
				AAD3965E189DD88F00675698 /* FriendTableViewController.m in Sources */,
				AAD39661189DDB0C00675698 /* FriendCell.m in Sources */,
				AA04606B189E321C001A5785 /* ArrowViewController.m in Sources */,
				B34B145418CBCAD600758173 /* FriendListTabBarController.m in Sources */,
				AA046074189E3F31001A5785 /* ArrowView.m in Sources */,
				AA4FE88818C41BEB0089058E /* ArrowPathView.m in Sources */,
				AAD39621189D923A00675698 /* PoloAppDelegate.m in Sources */,
				B303893918CE2C6100204B0B /* LocationTableViewController.m in Sources */,
				AA046068189E1B2C001A5785 /* AddFriendViewController.m in Sources */,
				B3D45D9D18C0FBB700C612F8 /* FriendListUINavigationViewController.m in Sources */,
				B35C18BE18EC950B00D29FDE /* FriendRequestTableViewController.m in Sources */,
				AAE891A0192C3E020062846F /* SettingsViewController.m in Sources */,
				AAD3961D189D923A00675698 /* main.m in Sources */,
				B3818AB9192EAA30000E81F4 /* PoloLocationManager.m in Sources */,
				B303893C18CE2CD700204B0B /* AddLocationViewController.m in Sources */,
			);
			runOnlyForDeploymentPostprocessing = 0;
		};
		AAD3962A189D923A00675698 /* Sources */ = {
			isa = PBXSourcesBuildPhase;
			buildActionMask = 2147483647;
			files = (
				AAD3963C189D923A00675698 /* PoloAppTests.m in Sources */,
			);
			runOnlyForDeploymentPostprocessing = 0;
		};
/* End PBXSourcesBuildPhase section */

/* Begin PBXTargetDependency section */
		AAD39634189D923A00675698 /* PBXTargetDependency */ = {
			isa = PBXTargetDependency;
			target = AAD3960C189D923A00675698 /* PoloApp */;
			targetProxy = AAD39633189D923A00675698 /* PBXContainerItemProxy */;
		};
/* End PBXTargetDependency section */

/* Begin PBXVariantGroup section */
		AAD39619189D923A00675698 /* InfoPlist.strings */ = {
			isa = PBXVariantGroup;
			children = (
				AAD3961A189D923A00675698 /* en */,
			);
			name = InfoPlist.strings;
			sourceTree = "<group>";
		};
		AAD39622189D923A00675698 /* Main.storyboard */ = {
			isa = PBXVariantGroup;
			children = (
				AAD39623189D923A00675698 /* Base */,
			);
			name = Main.storyboard;
			sourceTree = "<group>";
		};
		AAD39638189D923A00675698 /* InfoPlist.strings */ = {
			isa = PBXVariantGroup;
			children = (
				AAD39639189D923A00675698 /* en */,
			);
			name = InfoPlist.strings;
			sourceTree = "<group>";
		};
/* End PBXVariantGroup section */

/* Begin XCBuildConfiguration section */
		AAD3963D189D923A00675698 /* Debug */ = {
			isa = XCBuildConfiguration;
			buildSettings = {
				ALWAYS_SEARCH_USER_PATHS = NO;
				CLANG_CXX_LANGUAGE_STANDARD = "gnu++0x";
				CLANG_CXX_LIBRARY = "libc++";
				CLANG_ENABLE_MODULES = YES;
				CLANG_ENABLE_OBJC_ARC = YES;
				CLANG_WARN_BOOL_CONVERSION = YES;
				CLANG_WARN_CONSTANT_CONVERSION = YES;
				CLANG_WARN_DIRECT_OBJC_ISA_USAGE = YES_ERROR;
				CLANG_WARN_EMPTY_BODY = YES;
				CLANG_WARN_ENUM_CONVERSION = YES;
				CLANG_WARN_INT_CONVERSION = YES;
				CLANG_WARN_OBJC_ROOT_CLASS = YES_ERROR;
				CLANG_WARN__DUPLICATE_METHOD_MATCH = YES;
				CODE_SIGN_IDENTITY = "Apple Development IOS Push Services: mbrenman.PoloApp";
				"CODE_SIGN_IDENTITY[sdk=iphoneos*]" = "Apple Development IOS Push Services: mbrenman.PoloApp";
				COPY_PHASE_STRIP = NO;
				GCC_C_LANGUAGE_STANDARD = gnu99;
				GCC_DYNAMIC_NO_PIC = NO;
				GCC_OPTIMIZATION_LEVEL = 0;
				GCC_PREPROCESSOR_DEFINITIONS = (
					"DEBUG=1",
					"$(inherited)",
				);
				GCC_SYMBOLS_PRIVATE_EXTERN = NO;
				GCC_WARN_64_TO_32_BIT_CONVERSION = YES;
				GCC_WARN_ABOUT_RETURN_TYPE = YES_ERROR;
				GCC_WARN_UNDECLARED_SELECTOR = YES;
				GCC_WARN_UNINITIALIZED_AUTOS = YES;
				GCC_WARN_UNUSED_FUNCTION = YES;
				GCC_WARN_UNUSED_VARIABLE = YES;
				IPHONEOS_DEPLOYMENT_TARGET = 7.0;
				ONLY_ACTIVE_ARCH = YES;
				SDKROOT = iphoneos;
			};
			name = Debug;
		};
		AAD3963E189D923A00675698 /* Release */ = {
			isa = XCBuildConfiguration;
			buildSettings = {
				ALWAYS_SEARCH_USER_PATHS = NO;
				CLANG_CXX_LANGUAGE_STANDARD = "gnu++0x";
				CLANG_CXX_LIBRARY = "libc++";
				CLANG_ENABLE_MODULES = YES;
				CLANG_ENABLE_OBJC_ARC = YES;
				CLANG_WARN_BOOL_CONVERSION = YES;
				CLANG_WARN_CONSTANT_CONVERSION = YES;
				CLANG_WARN_DIRECT_OBJC_ISA_USAGE = YES_ERROR;
				CLANG_WARN_EMPTY_BODY = YES;
				CLANG_WARN_ENUM_CONVERSION = YES;
				CLANG_WARN_INT_CONVERSION = YES;
				CLANG_WARN_OBJC_ROOT_CLASS = YES_ERROR;
				CLANG_WARN__DUPLICATE_METHOD_MATCH = YES;
				CODE_SIGN_IDENTITY = "Apple Development IOS Push Services: mbrenman.PoloApp";
				"CODE_SIGN_IDENTITY[sdk=iphoneos*]" = "Apple Development IOS Push Services: mbrenman.PoloApp";
				COPY_PHASE_STRIP = YES;
				ENABLE_NS_ASSERTIONS = NO;
				GCC_C_LANGUAGE_STANDARD = gnu99;
				GCC_WARN_64_TO_32_BIT_CONVERSION = YES;
				GCC_WARN_ABOUT_RETURN_TYPE = YES_ERROR;
				GCC_WARN_UNDECLARED_SELECTOR = YES;
				GCC_WARN_UNINITIALIZED_AUTOS = YES;
				GCC_WARN_UNUSED_FUNCTION = YES;
				GCC_WARN_UNUSED_VARIABLE = YES;
				IPHONEOS_DEPLOYMENT_TARGET = 7.0;
				SDKROOT = iphoneos;
				VALIDATE_PRODUCT = YES;
			};
			name = Release;
		};
		AAD39640189D923A00675698 /* Debug */ = {
			isa = XCBuildConfiguration;
			baseConfigurationReference = B2E0082BF9AD45028BA85785 /* Pods.xcconfig */;
			buildSettings = {
				ASSETCATALOG_COMPILER_APPICON_NAME = AppIcon;
				ASSETCATALOG_COMPILER_LAUNCHIMAGE_NAME = LaunchImage;
				CODE_SIGN_IDENTITY = "iPhone Developer";
				"CODE_SIGN_IDENTITY[sdk=iphoneos*]" = "iPhone Developer";
				FRAMEWORK_SEARCH_PATHS = "$(PROJECT_DIR)";
				GCC_PRECOMPILE_PREFIX_HEADER = YES;
				GCC_PREFIX_HEADER = "PoloApp/PoloApp-Prefix.pch";
				INFOPLIST_FILE = "PoloApp/PoloApp-Info.plist";
				LIBRARY_SEARCH_PATHS = "$(inherited)";
				OTHER_LDFLAGS = (
					"-framework",
					CoreGraphics,
					"-framework",
					MobileCoreServices,
					"-framework",
					Security,
					"-framework",
					SystemConfiguration,
					"-ObjC",
				);
				PRODUCT_NAME = "$(TARGET_NAME)";
				PROVISIONING_PROFILE = "";
				WRAPPER_EXTENSION = app;
			};
			name = Debug;
		};
		AAD39641189D923A00675698 /* Release */ = {
			isa = XCBuildConfiguration;
			baseConfigurationReference = B2E0082BF9AD45028BA85785 /* Pods.xcconfig */;
			buildSettings = {
				ASSETCATALOG_COMPILER_APPICON_NAME = AppIcon;
				ASSETCATALOG_COMPILER_LAUNCHIMAGE_NAME = LaunchImage;
				CODE_SIGN_IDENTITY = "iPhone Developer";
				"CODE_SIGN_IDENTITY[sdk=iphoneos*]" = "iPhone Developer";
				FRAMEWORK_SEARCH_PATHS = "$(PROJECT_DIR)";
				GCC_PRECOMPILE_PREFIX_HEADER = YES;
				GCC_PREFIX_HEADER = "PoloApp/PoloApp-Prefix.pch";
				INFOPLIST_FILE = "PoloApp/PoloApp-Info.plist";
				LIBRARY_SEARCH_PATHS = "$(inherited)";
				OTHER_LDFLAGS = (
					"-framework",
					CoreGraphics,
					"-framework",
					MobileCoreServices,
					"-framework",
					Security,
					"-framework",
					SystemConfiguration,
					"-ObjC",
				);
				PRODUCT_NAME = "$(TARGET_NAME)";
				PROVISIONING_PROFILE = "";
				WRAPPER_EXTENSION = app;
			};
			name = Release;
		};
		AAD39643189D923A00675698 /* Debug */ = {
			isa = XCBuildConfiguration;
			buildSettings = {
				BUNDLE_LOADER = "$(BUILT_PRODUCTS_DIR)/PoloApp.app/PoloApp";
				FRAMEWORK_SEARCH_PATHS = (
					"$(SDKROOT)/Developer/Library/Frameworks",
					"$(inherited)",
					"$(DEVELOPER_FRAMEWORKS_DIR)",
				);
				GCC_PRECOMPILE_PREFIX_HEADER = YES;
				GCC_PREFIX_HEADER = "PoloApp/PoloApp-Prefix.pch";
				GCC_PREPROCESSOR_DEFINITIONS = (
					"DEBUG=1",
					"$(inherited)",
				);
				INFOPLIST_FILE = "PoloAppTests/PoloAppTests-Info.plist";
				PRODUCT_NAME = "$(TARGET_NAME)";
				TEST_HOST = "$(BUNDLE_LOADER)";
				WRAPPER_EXTENSION = xctest;
			};
			name = Debug;
		};
		AAD39644189D923A00675698 /* Release */ = {
			isa = XCBuildConfiguration;
			buildSettings = {
				BUNDLE_LOADER = "$(BUILT_PRODUCTS_DIR)/PoloApp.app/PoloApp";
				FRAMEWORK_SEARCH_PATHS = (
					"$(SDKROOT)/Developer/Library/Frameworks",
					"$(inherited)",
					"$(DEVELOPER_FRAMEWORKS_DIR)",
				);
				GCC_PRECOMPILE_PREFIX_HEADER = YES;
				GCC_PREFIX_HEADER = "PoloApp/PoloApp-Prefix.pch";
				INFOPLIST_FILE = "PoloAppTests/PoloAppTests-Info.plist";
				PRODUCT_NAME = "$(TARGET_NAME)";
				TEST_HOST = "$(BUNDLE_LOADER)";
				WRAPPER_EXTENSION = xctest;
			};
			name = Release;
		};
/* End XCBuildConfiguration section */

/* Begin XCConfigurationList section */
		AAD39608189D923A00675698 /* Build configuration list for PBXProject "PoloApp" */ = {
			isa = XCConfigurationList;
			buildConfigurations = (
				AAD3963D189D923A00675698 /* Debug */,
				AAD3963E189D923A00675698 /* Release */,
			);
			defaultConfigurationIsVisible = 0;
			defaultConfigurationName = Release;
		};
		AAD3963F189D923A00675698 /* Build configuration list for PBXNativeTarget "PoloApp" */ = {
			isa = XCConfigurationList;
			buildConfigurations = (
				AAD39640189D923A00675698 /* Debug */,
				AAD39641189D923A00675698 /* Release */,
			);
			defaultConfigurationIsVisible = 0;
			defaultConfigurationName = Release;
		};
		AAD39642189D923A00675698 /* Build configuration list for PBXNativeTarget "PoloAppTests" */ = {
			isa = XCConfigurationList;
			buildConfigurations = (
				AAD39643189D923A00675698 /* Debug */,
				AAD39644189D923A00675698 /* Release */,
			);
			defaultConfigurationIsVisible = 0;
			defaultConfigurationName = Release;
		};
/* End XCConfigurationList section */
	};
	rootObject = AAD39605189D923A00675698 /* Project object */;
}
